
Microsoft Visual Studio Solution File, Format Version 12.00
# Visual Studio 2012
Project("{FAE04EC0-301F-11D3-BF4B-00C04F79EFBC}") = "relay-mesh-example-cs", "relay-mesh-example-cs\relay-mesh-example-cs.csproj", "{DAE34C88-A793-43F8-AC7D-1DDAEAC18F5A}"
EndProject
Global
	GlobalSection(SolutionConfigurationPlatforms) = preSolution
		Debug|Any CPU = Debug|Any CPU
		Release|Any CPU = Release|Any CPU
	EndGlobalSection
	GlobalSection(ProjectConfigurationPlatforms) = postSolution
		{DAE34C88-A793-43F8-AC7D-1DDAEAC18F5A}.Debug|Any CPU.ActiveCfg = Debug|Any CPU
		{DAE34C88-A793-43F8-AC7D-1DDAEAC18F5A}.Debug|Any CPU.Build.0 = Debug|Any CPU
		{DAE34C88-A793-43F8-AC7D-1DDAEAC18F5A}.Release|Any CPU.ActiveCfg = Release|Any CPU
		{DAE34C88-A793-43F8-AC7D-1DDAEAC18F5A}.Release|Any CPU.Build.0 = Release|Any CPU
	EndGlobalSection
EndGlobal
